
Microsoft Visual Studio Solution File, Format Version 12.00
# Visual Studio 15
VisualStudioVersion = 15.0.28307.902
MinimumVisualStudioVersion = 10.0.40219.1
Project("{8BC9CEB8-8B4A-11D0-8D11-00A0C91BC942}") = "Kirsh4GathMaskBWRGB", "TP_Vision_artificielle\TP_Vision_artificielle.vcxproj", "{D903D459-287E-4238-8D45-EF6F1C96440C}"
EndProject
Project("{8BC9CEB8-8B4A-11D0-8D11-00A0C91BC942}") = "MeanFillteringBWRGB", "MeanFillteringBWRGB\MeanFillteringBWRGB.vcxproj", "{5A6C90E7-F9BC-4C30-A564-FCB0936910D1}"
EndProject
Project("{8BC9CEB8-8B4A-11D0-8D11-00A0C91BC942}") = "MotionFirstlm", "MotionFirstlm\MotionFirstlm.vcxproj", "{D4A36735-E433-4946-8C5A-6E658D0F37B5}"
EndProject
Project("{8BC9CEB8-8B4A-11D0-8D11-00A0C91BC942}") = "MotionRefresh", "MotionRefresh\MotionRefresh.vcxproj", "{6CCD447E-CFF0-4C2B-8E1E-1ECDC7AE312F}"
EndProject
Global
	GlobalSection(SolutionConfigurationPlatforms) = preSolution
		Debug|x64 = Debug|x64
		Debug|x86 = Debug|x86
		Release|x64 = Release|x64
		Release|x86 = Release|x86
	EndGlobalSection
	GlobalSection(ProjectConfigurationPlatforms) = postSolution
		{D903D459-287E-4238-8D45-EF6F1C96440C}.Debug|x64.ActiveCfg = Debug|x64
		{D903D459-287E-4238-8D45-EF6F1C96440C}.Debug|x64.Build.0 = Debug|x64
		{D903D459-287E-4238-8D45-EF6F1C96440C}.Debug|x86.ActiveCfg = Debug|Win32
		{D903D459-287E-4238-8D45-EF6F1C96440C}.Debug|x86.Build.0 = Debug|Win32
		{D903D459-287E-4238-8D45-EF6F1C96440C}.Release|x64.ActiveCfg = Release|x64
		{D903D459-287E-4238-8D45-EF6F1C96440C}.Release|x64.Build.0 = Release|x64
		{D903D459-287E-4238-8D45-EF6F1C96440C}.Release|x86.ActiveCfg = Release|Win32
		{D903D459-287E-4238-8D45-EF6F1C96440C}.Release|x86.Build.0 = Release|Win32
		{5A6C90E7-F9BC-4C30-A564-FCB0936910D1}.Debug|x64.ActiveCfg = Debug|x64
		{5A6C90E7-F9BC-4C30-A564-FCB0936910D1}.Debug|x64.Build.0 = Debug|x64
		{5A6C90E7-F9BC-4C30-A564-FCB0936910D1}.Debug|x86.ActiveCfg = Debug|Win32
		{5A6C90E7-F9BC-4C30-A564-FCB0936910D1}.Debug|x86.Build.0 = Debug|Win32
		{5A6C90E7-F9BC-4C30-A564-FCB0936910D1}.Release|x64.ActiveCfg = Release|x64
		{5A6C90E7-F9BC-4C30-A564-FCB0936910D1}.Release|x64.Build.0 = Release|x64
		{5A6C90E7-F9BC-4C30-A564-FCB0936910D1}.Release|x86.ActiveCfg = Release|Win32
		{5A6C90E7-F9BC-4C30-A564-FCB0936910D1}.Release|x86.Build.0 = Release|Win32
		{D4A36735-E433-4946-8C5A-6E658D0F37B5}.Debug|x64.ActiveCfg = Debug|x64
		{D4A36735-E433-4946-8C5A-6E658D0F37B5}.Debug|x64.Build.0 = Debug|x64
		{D4A36735-E433-4946-8C5A-6E658D0F37B5}.Debug|x86.ActiveCfg = Debug|Win32
		{D4A36735-E433-4946-8C5A-6E658D0F37B5}.Debug|x86.Build.0 = Debug|Win32
		{D4A36735-E433-4946-8C5A-6E658D0F37B5}.Release|x64.ActiveCfg = Release|x64
		{D4A36735-E433-4946-8C5A-6E658D0F37B5}.Release|x64.Build.0 = Release|x64
		{D4A36735-E433-4946-8C5A-6E658D0F37B5}.Release|x86.ActiveCfg = Release|Win32
		{D4A36735-E433-4946-8C5A-6E658D0F37B5}.Release|x86.Build.0 = Release|Win32
		{6CCD447E-CFF0-4C2B-8E1E-1ECDC7AE312F}.Debug|x64.ActiveCfg = Debug|x64
		{6CCD447E-CFF0-4C2B-8E1E-1ECDC7AE312F}.Debug|x64.Build.0 = Debug|x64
		{6CCD447E-CFF0-4C2B-8E1E-1ECDC7AE312F}.Debug|x86.ActiveCfg = Debug|Win32
		{6CCD447E-CFF0-4C2B-8E1E-1ECDC7AE312F}.Debug|x86.Build.0 = Debug|Win32
		{6CCD447E-CFF0-4C2B-8E1E-1ECDC7AE312F}.Release|x64.ActiveCfg = Release|x64
		{6CCD447E-CFF0-4C2B-8E1E-1ECDC7AE312F}.Release|x64.Build.0 = Release|x64
		{6CCD447E-CFF0-4C2B-8E1E-1ECDC7AE312F}.Release|x86.ActiveCfg = Release|Win32
		{6CCD447E-CFF0-4C2B-8E1E-1ECDC7AE312F}.Release|x86.Build.0 = Release|Win32
	EndGlobalSection
	GlobalSection(SolutionProperties) = preSolution
		HideSolutionNode = FALSE
	EndGlobalSection
	GlobalSection(ExtensibilityGlobals) = postSolution
		SolutionGuid = {2D67D41C-4811-4B04-86B9-308E69CD1DA3}
	EndGlobalSection
EndGlobal
